
Microsoft Visual Studio Solution File, Format Version 12.00
# Visual Studio Version 17
VisualStudioVersion = 17.9.34622.214
MinimumVisualStudioVersion = 10.0.40219.1
Project("{FAE04EC0-301F-11D3-BF4B-00C04F79EFBC}") = "PL", "PL\PL.csproj", "{676309F9-F004-43E6-B922-2178E9A43768}"
EndProject
Project("{FAE04EC0-301F-11D3-BF4B-00C04F79EFBC}") = "DTO", "DTO\DTO.csproj", "{43F33D15-AACC-42FC-A881-37A149B10AD2}"
EndProject
Project("{FAE04EC0-301F-11D3-BF4B-00C04F79EFBC}") = "BLL", "BLL\BLL.csproj", "{A0DEB8EC-16B1-4DAB-927D-3F59466F6F28}"
EndProject
Project("{FAE04EC0-301F-11D3-BF4B-00C04F79EFBC}") = "DAL", "DAL\DAL.csproj", "{E6DA6CC2-C8DA-44ED-9B6F-AA475DC94C74}"
EndProject
Global
	GlobalSection(SolutionConfigurationPlatforms) = preSolution
		Debug|Any CPU = Debug|Any CPU
		Release|Any CPU = Release|Any CPU
	EndGlobalSection
	GlobalSection(ProjectConfigurationPlatforms) = postSolution
		{676309F9-F004-43E6-B922-2178E9A43768}.Debug|Any CPU.ActiveCfg = Debug|Any CPU
		{676309F9-F004-43E6-B922-2178E9A43768}.Debug|Any CPU.Build.0 = Debug|Any CPU
		{676309F9-F004-43E6-B922-2178E9A43768}.Release|Any CPU.ActiveCfg = Release|Any CPU
		{676309F9-F004-43E6-B922-2178E9A43768}.Release|Any CPU.Build.0 = Release|Any CPU
		{43F33D15-AACC-42FC-A881-37A149B10AD2}.Debug|Any CPU.ActiveCfg = Debug|Any CPU
		{43F33D15-AACC-42FC-A881-37A149B10AD2}.Debug|Any CPU.Build.0 = Debug|Any CPU
		{43F33D15-AACC-42FC-A881-37A149B10AD2}.Release|Any CPU.ActiveCfg = Release|Any CPU
		{43F33D15-AACC-42FC-A881-37A149B10AD2}.Release|Any CPU.Build.0 = Release|Any CPU
		{A0DEB8EC-16B1-4DAB-927D-3F59466F6F28}.Debug|Any CPU.ActiveCfg = Debug|Any CPU
		{A0DEB8EC-16B1-4DAB-927D-3F59466F6F28}.Debug|Any CPU.Build.0 = Debug|Any CPU
		{A0DEB8EC-16B1-4DAB-927D-3F59466F6F28}.Release|Any CPU.ActiveCfg = Release|Any CPU
		{A0DEB8EC-16B1-4DAB-927D-3F59466F6F28}.Release|Any CPU.Build.0 = Release|Any CPU
		{E6DA6CC2-C8DA-44ED-9B6F-AA475DC94C74}.Debug|Any CPU.ActiveCfg = Debug|Any CPU
		{E6DA6CC2-C8DA-44ED-9B6F-AA475DC94C74}.Debug|Any CPU.Build.0 = Debug|Any CPU
		{E6DA6CC2-C8DA-44ED-9B6F-AA475DC94C74}.Release|Any CPU.ActiveCfg = Release|Any CPU
		{E6DA6CC2-C8DA-44ED-9B6F-AA475DC94C74}.Release|Any CPU.Build.0 = Release|Any CPU
	EndGlobalSection
	GlobalSection(SolutionProperties) = preSolution
		HideSolutionNode = FALSE
	EndGlobalSection
	GlobalSection(ExtensibilityGlobals) = postSolution
		SolutionGuid = {283B1080-0749-4C90-977A-02EDDA814DBC}
	EndGlobalSection
EndGlobal
